
Microsoft Visual Studio Solution File, Format Version 12.00
# Visual Studio Version 17
VisualStudioVersion = 17.10.35013.160
MinimumVisualStudioVersion = 10.0.40219.1
Project("{FAE04EC0-301F-11D3-BF4B-00C04F79EFBC}") = "MvcResume", "MvcResume\MvcResume.csproj", "{C3823D49-1657-40C6-BFF7-7D32E62D90A3}"
EndProject
Global
	GlobalSection(SolutionConfigurationPlatforms) = preSolution
		Debug|Any CPU = Debug|Any CPU
		Release|Any CPU = Release|Any CPU
	EndGlobalSection
	GlobalSection(ProjectConfigurationPlatforms) = postSolution
		{C3823D49-1657-40C6-BFF7-7D32E62D90A3}.Debug|Any CPU.ActiveCfg = Debug|Any CPU
		{C3823D49-1657-40C6-BFF7-7D32E62D90A3}.Debug|Any CPU.Build.0 = Debug|Any CPU
		{C3823D49-1657-40C6-BFF7-7D32E62D90A3}.Release|Any CPU.ActiveCfg = Release|Any CPU
		{C3823D49-1657-40C6-BFF7-7D32E62D90A3}.Release|Any CPU.Build.0 = Release|Any CPU
	EndGlobalSection
	GlobalSection(SolutionProperties) = preSolution
		HideSolutionNode = FALSE
	EndGlobalSection
	GlobalSection(ExtensibilityGlobals) = postSolution
		SolutionGuid = {756EAD25-4715-4F78-BD72-5DCD9C443757}
	EndGlobalSection
EndGlobal
